{
  "name": "estudosAmais",
  "lockfileVersion": 3,
  "requires": true,
  "packages": {
    "": {
      "dependencies": {
        "nominatim-client": "^3.2.1"
      }
    },
    "node_modules/nominatim-client": {
      "version": "3.2.1",
      "resolved": "https://registry.npmjs.org/nominatim-client/-/nominatim-client-3.2.1.tgz",
      "integrity": "sha512-i7kGGMvXU37nUhDhlTuj0JhoWntT69BUFeEOHxw40Wf5J++dUCGnPgMCE+6KAJZCOVeK6lqjMAxP2+zyg0CbKw=="
    }
  }
}
